
Microsoft Visual Studio Solution File, Format Version 12.00
# Visual Studio Version 17
VisualStudioVersion = 17.14.37111.16
MinimumVisualStudioVersion = 10.0.40219.1
Project("{2150E333-8FDC-42A3-9474-1A3956D46DE8}") = "Элементы решения", "Элементы решения", "{754FC069-D67B-A9D7-50A1-8D1CA196D8F1}"
	ProjectSection(SolutionItems) = preProject
		.gitattributes = .gitattributes
		.gitignore = .gitignore
		ActorSystemsComparison.en.md = ActorSystemsComparison.en.md
		ActorSystemsComparison.ru.md = ActorSystemsComparison.ru.md
		benchmark_results.en.md = benchmark_results.en.md
		collector-config.yaml = collector-config.yaml
		benchmark_results.ru.md = benchmark_results.ru.md
		Contracts.en.md = Contracts.en.md
		Directory.Build.props = Directory.Build.props
		Contracts.ru.md = Contracts.ru.md
		docker-compose.yml = docker-compose.yml
		Dockerfile = Dockerfile
		Dockerfile.txt = Dockerfile.txt
		Manifest.en.md = Manifest.en.md
		nuget.config = nuget.config
		Manifest.ru.md = Manifest.ru.md
		pack.bat = pack.bat
		README.md = README.md
		run_benchmark.bat = run_benchmark.bat
		SourceGenerator.en.md = SourceGenerator.en.md
		SourceGenerator.ru.md = SourceGenerator.ru.md
		TipsAndTricks.en.md = TipsAndTricks.en.md
		TipsAndTricks.ru.md = TipsAndTricks.ru.md
		Tutorials.en.md = Tutorials.en.md
		Tutorials.ru.md = Tutorials.ru.md
	EndProjectSection
EndProject
Project("{FAE04EC0-301F-11D3-BF4B-00C04F79EFBC}") = "MinimalActorSystem", "MinimalActorSystem\MinimalActorSystem.csproj", "{BCBD2C4D-A24D-41CE-9FA6-429EB1E81150}"
EndProject
Project("{FAE04EC0-301F-11D3-BF4B-00C04F79EFBC}") = "MinimalActorSystem.Tests", "MinimalActorSystem.Tests\MinimalActorSystem.Tests.csproj", "{E8882D87-AB39-491F-99B0-679CFD374240}"
EndProject
Project("{FAE04EC0-301F-11D3-BF4B-00C04F79EFBC}") = "MinimalActorSystem.Benchmarks", "MinimalActorSystem.Benchmarks\MinimalActorSystem.Benchmarks.csproj", "{9AE8C641-6A3A-4653-9A2F-A7FFB85A26A5}"
EndProject
Project("{FAE04EC0-301F-11D3-BF4B-00C04F79EFBC}") = "MinimalActorSystem.SourceGenerator", "MinimalActorSystem.SourceGenerator\MinimalActorSystem.SourceGenerator.csproj", "{DABBC900-2511-4FCE-A82E-9DA11DA16353}"
EndProject
Project("{FAE04EC0-301F-11D3-BF4B-00C04F79EFBC}") = "MinimalActorSystem.XmlModel", "MinimalActorSystem.XmlModel\MinimalActorSystem.XmlModel.csproj", "{5A882C36-9BD8-4C57-B2EC-FCBCA300164A}"
EndProject
Global
	GlobalSection(SolutionConfigurationPlatforms) = preSolution
		Debug|Any CPU = Debug|Any CPU
		Release|Any CPU = Release|Any CPU
	EndGlobalSection
	GlobalSection(ProjectConfigurationPlatforms) = postSolution
		{BCBD2C4D-A24D-41CE-9FA6-429EB1E81150}.Debug|Any CPU.ActiveCfg = Debug|Any CPU
		{BCBD2C4D-A24D-41CE-9FA6-429EB1E81150}.Debug|Any CPU.Build.0 = Debug|Any CPU
		{BCBD2C4D-A24D-41CE-9FA6-429EB1E81150}.Release|Any CPU.ActiveCfg = Release|Any CPU
		{BCBD2C4D-A24D-41CE-9FA6-429EB1E81150}.Release|Any CPU.Build.0 = Release|Any CPU
		{E8882D87-AB39-491F-99B0-679CFD374240}.Debug|Any CPU.ActiveCfg = Debug|Any CPU
		{E8882D87-AB39-491F-99B0-679CFD374240}.Debug|Any CPU.Build.0 = Debug|Any CPU
		{E8882D87-AB39-491F-99B0-679CFD374240}.Release|Any CPU.ActiveCfg = Release|Any CPU
		{E8882D87-AB39-491F-99B0-679CFD374240}.Release|Any CPU.Build.0 = Release|Any CPU
		{9AE8C641-6A3A-4653-9A2F-A7FFB85A26A5}.Debug|Any CPU.ActiveCfg = Debug|Any CPU
		{9AE8C641-6A3A-4653-9A2F-A7FFB85A26A5}.Debug|Any CPU.Build.0 = Debug|Any CPU
		{9AE8C641-6A3A-4653-9A2F-A7FFB85A26A5}.Release|Any CPU.ActiveCfg = Release|Any CPU
		{9AE8C641-6A3A-4653-9A2F-A7FFB85A26A5}.Release|Any CPU.Build.0 = Release|Any CPU
		{DABBC900-2511-4FCE-A82E-9DA11DA16353}.Debug|Any CPU.ActiveCfg = Debug|Any CPU
		{DABBC900-2511-4FCE-A82E-9DA11DA16353}.Debug|Any CPU.Build.0 = Debug|Any CPU
		{DABBC900-2511-4FCE-A82E-9DA11DA16353}.Release|Any CPU.ActiveCfg = Release|Any CPU
		{DABBC900-2511-4FCE-A82E-9DA11DA16353}.Release|Any CPU.Build.0 = Release|Any CPU
		{5A882C36-9BD8-4C57-B2EC-FCBCA300164A}.Debug|Any CPU.ActiveCfg = Debug|Any CPU
		{5A882C36-9BD8-4C57-B2EC-FCBCA300164A}.Debug|Any CPU.Build.0 = Debug|Any CPU
		{5A882C36-9BD8-4C57-B2EC-FCBCA300164A}.Release|Any CPU.ActiveCfg = Release|Any CPU
		{5A882C36-9BD8-4C57-B2EC-FCBCA300164A}.Release|Any CPU.Build.0 = Release|Any CPU
	EndGlobalSection
	GlobalSection(SolutionProperties) = preSolution
		HideSolutionNode = FALSE
	EndGlobalSection
	GlobalSection(ExtensibilityGlobals) = postSolution
		SolutionGuid = {B771BE66-068B-48C7-A68F-4F8E2F0DBDF2}
	EndGlobalSection
EndGlobal
